
Microsoft Visual Studio Solution File, Format Version 12.00
# Visual Studio Version 16
VisualStudioVersion = 16.0.29020.237
MinimumVisualStudioVersion = 10.0.40219.1
Project("{9A19103F-16F7-4668-BE54-9A1E7A4F7556}") = "Scoring.Domain", "src\Scoring.Domain\Scoring.Domain.csproj", "{554AD327-6DBA-4F8F-96F8-81CE7A0C863F}"
EndProject
Project("{9A19103F-16F7-4668-BE54-9A1E7A4F7556}") = "Scoring.App.Core", "src\Scoring.App.Core\Scoring.App.Core.csproj", "{1A94A50E-06DC-43C1-80B5-B662820EC3EB}"
EndProject
Project("{9A19103F-16F7-4668-BE54-9A1E7A4F7556}") = "Scoring.EntityFrameworkCore", "src\Scoring.EntityFrameworkCore\Scoring.EntityFrameworkCore.csproj", "{C956DD76-69C8-4A9C-83EA-D17DF83340FD}"
EndProject
Project("{2150E333-8FDC-42A3-9474-1A3956D46DE8}") = "src", "src", "{CA9AC87F-097E-4F15-8393-4BC07735A5B0}"
EndProject
Project("{2150E333-8FDC-42A3-9474-1A3956D46DE8}") = "test", "test", "{04DBDB01-70F4-4E06-B468-8F87850B22BE}"
EndProject
Project("{9A19103F-16F7-4668-BE54-9A1E7A4F7556}") = "Scoring.App.Abp.Tests", "test\Scoring.App.Abp.Tests\Scoring.App.Abp.Tests.csproj", "{50B2631D-129C-47B3-A587-029CCD6099BC}"
EndProject
Project("{9A19103F-16F7-4668-BE54-9A1E7A4F7556}") = "Scoring.EntityFrameworkCore.DbMigrations", "src\Scoring.EntityFrameworkCore.DbMigrations\Scoring.EntityFrameworkCore.DbMigrations.csproj", "{0372FA84-C517-4EB3-9A9F-B9ACAC0CA5E0}"
EndProject
Project("{9A19103F-16F7-4668-BE54-9A1E7A4F7556}") = "Scoring.App.Contracts", "src\Scoring.App.Contracts\Scoring.App.Contracts.csproj", "{520659C8-C734-4298-A3DA-B539DB9DFC0B}"
EndProject
Project("{9A19103F-16F7-4668-BE54-9A1E7A4F7556}") = "Scoring.HttpApi", "src\Scoring.HttpApi\Scoring.HttpApi.csproj", "{4164BDF7-F527-4E85-9CE6-E3C2D7426A27}"
EndProject
Project("{9A19103F-16F7-4668-BE54-9A1E7A4F7556}") = "Scoring.HttpApi.Host", "src\Scoring.HttpApi.Host\Scoring.HttpApi.Host.csproj", "{E6D5BF0E-DE92-4D82-A352-EF04B37CB11C}"
EndProject
Project("{9A19103F-16F7-4668-BE54-9A1E7A4F7556}") = "Scoring.EntityFrameworkCore.Tests", "test\Scoring.EntityFrameworkCore.Tests\Scoring.EntityFrameworkCore.Tests.csproj", "{1FE30EB9-74A9-47F5-A9F6-7B1FAB672D81}"
EndProject
Project("{9A19103F-16F7-4668-BE54-9A1E7A4F7556}") = "Scoring.TestBase", "test\Scoring.TestBase\Scoring.TestBase.csproj", "{91853F21-9CD9-4132-BC29-A7D5D84FFFE7}"
EndProject
Project("{9A19103F-16F7-4668-BE54-9A1E7A4F7556}") = "Scoring.Domain.Tests", "test\Scoring.Domain.Tests\Scoring.Domain.Tests.csproj", "{E512F4D9-9375-480F-A2F6-A46509F9D824}"
EndProject
Project("{9A19103F-16F7-4668-BE54-9A1E7A4F7556}") = "Scoring.DbMigrator", "src\Scoring.DbMigrator\Scoring.DbMigrator.csproj", "{AA94D832-1CCC-4715-95A9-A483F23A1A5D}"
EndProject
Project("{2150E333-8FDC-42A3-9474-1A3956D46DE8}") = "Domain", "Domain", "{86842475-12C2-4ECC-8B39-4EA2EE1A78C4}"
EndProject
Project("{2150E333-8FDC-42A3-9474-1A3956D46DE8}") = "Hosts", "Hosts", "{325F0449-F7E0-4B84-AB51-2C0D572D1C42}"
EndProject
Project("{2150E333-8FDC-42A3-9474-1A3956D46DE8}") = "App", "App", "{E5B7FE89-B5FC-4798-98FF-A54F11B2F366}"
EndProject
Project("{2150E333-8FDC-42A3-9474-1A3956D46DE8}") = "Infrastructure", "Infrastructure", "{C0F424D5-7298-4DDB-B01C-86C0EAF236DB}"
EndProject
Project("{FAE04EC0-301F-11D3-BF4B-00C04F79EFBC}") = "Scoring.App.MultiTenancy", "src\Scoring.App.MultiTenancy\Scoring.App.MultiTenancy.csproj", "{FF5BDE0C-7428-4284-954C-380E48EFDDC9}"
EndProject
Project("{FAE04EC0-301F-11D3-BF4B-00C04F79EFBC}") = "Scoring.App.Abp", "src\Scoring.App.Abp\Scoring.App.Abp.csproj", "{5C558101-37F1-4A5E-87C3-71704D80369D}"
EndProject
Project("{2150E333-8FDC-42A3-9474-1A3956D46DE8}") = "Core", "Core", "{24620683-BB09-4602-98CA-9A8A52BBCE4A}"
EndProject
Project("{2150E333-8FDC-42A3-9474-1A3956D46DE8}") = "Http", "Http", "{E0F455EA-3005-4E29-ABA3-F2203539EEBC}"
EndProject
Project("{FAE04EC0-301F-11D3-BF4B-00C04F79EFBC}") = "Scoring.App.Account", "src\Scoring.App.Account\Scoring.App.Account.csproj", "{9542DE9A-430E-4EF7-AA86-27E135662040}"
EndProject
Project("{2150E333-8FDC-42A3-9474-1A3956D46DE8}") = "Features", "Features", "{FA60CB5F-9C84-4C83-A1D4-EE0854DC07C5}"
EndProject
Project("{FAE04EC0-301F-11D3-BF4B-00C04F79EFBC}") = "Scoring.Features.Emailing", "src\Scoring.Features.Emailing\Scoring.Features.Emailing.csproj", "{97FC3EFB-AD6C-47F9-912C-3FDF1E166E35}"
EndProject
Project("{2150E333-8FDC-42A3-9474-1A3956D46DE8}") = "App", "App", "{9320EC32-8CD6-4DD3-BBD3-C4E989678FB8}"
EndProject
Project("{2150E333-8FDC-42A3-9474-1A3956D46DE8}") = "Domain", "Domain", "{C3C43392-EBA8-40B8-99C6-DBD8C4827FBC}"
EndProject
Project("{2150E333-8FDC-42A3-9474-1A3956D46DE8}") = "Infrastructure", "Infrastructure", "{B501E8A3-3814-467B-A1BE-3142EE078F96}"
EndProject
Project("{FAE04EC0-301F-11D3-BF4B-00C04F79EFBC}") = "Scoring.Domain.Shared", "src\Scoring.Domain.Shared\Scoring.Domain.Shared.csproj", "{C18E1064-FFF6-4E01-98F9-E7998E5DEC42}"
EndProject
Global
	GlobalSection(SolutionConfigurationPlatforms) = preSolution
		Debug|Any CPU = Debug|Any CPU
		Release|Any CPU = Release|Any CPU
	EndGlobalSection
	GlobalSection(ProjectConfigurationPlatforms) = postSolution
		{554AD327-6DBA-4F8F-96F8-81CE7A0C863F}.Debug|Any CPU.ActiveCfg = Debug|Any CPU
		{554AD327-6DBA-4F8F-96F8-81CE7A0C863F}.Debug|Any CPU.Build.0 = Debug|Any CPU
		{554AD327-6DBA-4F8F-96F8-81CE7A0C863F}.Release|Any CPU.ActiveCfg = Release|Any CPU
		{554AD327-6DBA-4F8F-96F8-81CE7A0C863F}.Release|Any CPU.Build.0 = Release|Any CPU
		{1A94A50E-06DC-43C1-80B5-B662820EC3EB}.Debug|Any CPU.ActiveCfg = Debug|Any CPU
		{1A94A50E-06DC-43C1-80B5-B662820EC3EB}.Debug|Any CPU.Build.0 = Debug|Any CPU
		{1A94A50E-06DC-43C1-80B5-B662820EC3EB}.Release|Any CPU.ActiveCfg = Release|Any CPU
		{1A94A50E-06DC-43C1-80B5-B662820EC3EB}.Release|Any CPU.Build.0 = Release|Any CPU
		{C956DD76-69C8-4A9C-83EA-D17DF83340FD}.Debug|Any CPU.ActiveCfg = Debug|Any CPU
		{C956DD76-69C8-4A9C-83EA-D17DF83340FD}.Debug|Any CPU.Build.0 = Debug|Any CPU
		{C956DD76-69C8-4A9C-83EA-D17DF83340FD}.Release|Any CPU.ActiveCfg = Release|Any CPU
		{C956DD76-69C8-4A9C-83EA-D17DF83340FD}.Release|Any CPU.Build.0 = Release|Any CPU
		{50B2631D-129C-47B3-A587-029CCD6099BC}.Debug|Any CPU.ActiveCfg = Debug|Any CPU
		{50B2631D-129C-47B3-A587-029CCD6099BC}.Debug|Any CPU.Build.0 = Debug|Any CPU
		{50B2631D-129C-47B3-A587-029CCD6099BC}.Release|Any CPU.ActiveCfg = Release|Any CPU
		{50B2631D-129C-47B3-A587-029CCD6099BC}.Release|Any CPU.Build.0 = Release|Any CPU
		{0372FA84-C517-4EB3-9A9F-B9ACAC0CA5E0}.Debug|Any CPU.ActiveCfg = Debug|Any CPU
		{0372FA84-C517-4EB3-9A9F-B9ACAC0CA5E0}.Debug|Any CPU.Build.0 = Debug|Any CPU
		{0372FA84-C517-4EB3-9A9F-B9ACAC0CA5E0}.Release|Any CPU.ActiveCfg = Release|Any CPU
		{0372FA84-C517-4EB3-9A9F-B9ACAC0CA5E0}.Release|Any CPU.Build.0 = Release|Any CPU
		{520659C8-C734-4298-A3DA-B539DB9DFC0B}.Debug|Any CPU.ActiveCfg = Debug|Any CPU
		{520659C8-C734-4298-A3DA-B539DB9DFC0B}.Debug|Any CPU.Build.0 = Debug|Any CPU
		{520659C8-C734-4298-A3DA-B539DB9DFC0B}.Release|Any CPU.ActiveCfg = Release|Any CPU
		{520659C8-C734-4298-A3DA-B539DB9DFC0B}.Release|Any CPU.Build.0 = Release|Any CPU
		{4164BDF7-F527-4E85-9CE6-E3C2D7426A27}.Debug|Any CPU.ActiveCfg = Debug|Any CPU
		{4164BDF7-F527-4E85-9CE6-E3C2D7426A27}.Debug|Any CPU.Build.0 = Debug|Any CPU
		{4164BDF7-F527-4E85-9CE6-E3C2D7426A27}.Release|Any CPU.ActiveCfg = Release|Any CPU
		{4164BDF7-F527-4E85-9CE6-E3C2D7426A27}.Release|Any CPU.Build.0 = Release|Any CPU
		{E6D5BF0E-DE92-4D82-A352-EF04B37CB11C}.Debug|Any CPU.ActiveCfg = Debug|Any CPU
		{E6D5BF0E-DE92-4D82-A352-EF04B37CB11C}.Debug|Any CPU.Build.0 = Debug|Any CPU
		{E6D5BF0E-DE92-4D82-A352-EF04B37CB11C}.Release|Any CPU.ActiveCfg = Release|Any CPU
		{E6D5BF0E-DE92-4D82-A352-EF04B37CB11C}.Release|Any CPU.Build.0 = Release|Any CPU
		{1FE30EB9-74A9-47F5-A9F6-7B1FAB672D81}.Debug|Any CPU.ActiveCfg = Debug|Any CPU
		{1FE30EB9-74A9-47F5-A9F6-7B1FAB672D81}.Debug|Any CPU.Build.0 = Debug|Any CPU
		{1FE30EB9-74A9-47F5-A9F6-7B1FAB672D81}.Release|Any CPU.ActiveCfg = Release|Any CPU
		{1FE30EB9-74A9-47F5-A9F6-7B1FAB672D81}.Release|Any CPU.Build.0 = Release|Any CPU
		{91853F21-9CD9-4132-BC29-A7D5D84FFFE7}.Debug|Any CPU.ActiveCfg = Debug|Any CPU
		{91853F21-9CD9-4132-BC29-A7D5D84FFFE7}.Debug|Any CPU.Build.0 = Debug|Any CPU
		{91853F21-9CD9-4132-BC29-A7D5D84FFFE7}.Release|Any CPU.ActiveCfg = Release|Any CPU
		{91853F21-9CD9-4132-BC29-A7D5D84FFFE7}.Release|Any CPU.Build.0 = Release|Any CPU
		{E512F4D9-9375-480F-A2F6-A46509F9D824}.Debug|Any CPU.ActiveCfg = Debug|Any CPU
		{E512F4D9-9375-480F-A2F6-A46509F9D824}.Debug|Any CPU.Build.0 = Debug|Any CPU
		{E512F4D9-9375-480F-A2F6-A46509F9D824}.Release|Any CPU.ActiveCfg = Release|Any CPU
		{E512F4D9-9375-480F-A2F6-A46509F9D824}.Release|Any CPU.Build.0 = Release|Any CPU
		{AA94D832-1CCC-4715-95A9-A483F23A1A5D}.Debug|Any CPU.ActiveCfg = Debug|Any CPU
		{AA94D832-1CCC-4715-95A9-A483F23A1A5D}.Debug|Any CPU.Build.0 = Debug|Any CPU
		{AA94D832-1CCC-4715-95A9-A483F23A1A5D}.Release|Any CPU.ActiveCfg = Release|Any CPU
		{AA94D832-1CCC-4715-95A9-A483F23A1A5D}.Release|Any CPU.Build.0 = Release|Any CPU
		{FF5BDE0C-7428-4284-954C-380E48EFDDC9}.Debug|Any CPU.ActiveCfg = Debug|Any CPU
		{FF5BDE0C-7428-4284-954C-380E48EFDDC9}.Debug|Any CPU.Build.0 = Debug|Any CPU
		{FF5BDE0C-7428-4284-954C-380E48EFDDC9}.Release|Any CPU.ActiveCfg = Release|Any CPU
		{FF5BDE0C-7428-4284-954C-380E48EFDDC9}.Release|Any CPU.Build.0 = Release|Any CPU
		{5C558101-37F1-4A5E-87C3-71704D80369D}.Debug|Any CPU.ActiveCfg = Debug|Any CPU
		{5C558101-37F1-4A5E-87C3-71704D80369D}.Debug|Any CPU.Build.0 = Debug|Any CPU
		{5C558101-37F1-4A5E-87C3-71704D80369D}.Release|Any CPU.ActiveCfg = Release|Any CPU
		{5C558101-37F1-4A5E-87C3-71704D80369D}.Release|Any CPU.Build.0 = Release|Any CPU
		{9542DE9A-430E-4EF7-AA86-27E135662040}.Debug|Any CPU.ActiveCfg = Debug|Any CPU
		{9542DE9A-430E-4EF7-AA86-27E135662040}.Debug|Any CPU.Build.0 = Debug|Any CPU
		{9542DE9A-430E-4EF7-AA86-27E135662040}.Release|Any CPU.ActiveCfg = Release|Any CPU
		{9542DE9A-430E-4EF7-AA86-27E135662040}.Release|Any CPU.Build.0 = Release|Any CPU
		{97FC3EFB-AD6C-47F9-912C-3FDF1E166E35}.Debug|Any CPU.ActiveCfg = Debug|Any CPU
		{97FC3EFB-AD6C-47F9-912C-3FDF1E166E35}.Debug|Any CPU.Build.0 = Debug|Any CPU
		{97FC3EFB-AD6C-47F9-912C-3FDF1E166E35}.Release|Any CPU.ActiveCfg = Release|Any CPU
		{97FC3EFB-AD6C-47F9-912C-3FDF1E166E35}.Release|Any CPU.Build.0 = Release|Any CPU
		{C18E1064-FFF6-4E01-98F9-E7998E5DEC42}.Debug|Any CPU.ActiveCfg = Debug|Any CPU
		{C18E1064-FFF6-4E01-98F9-E7998E5DEC42}.Debug|Any CPU.Build.0 = Debug|Any CPU
		{C18E1064-FFF6-4E01-98F9-E7998E5DEC42}.Release|Any CPU.ActiveCfg = Release|Any CPU
		{C18E1064-FFF6-4E01-98F9-E7998E5DEC42}.Release|Any CPU.Build.0 = Release|Any CPU
	EndGlobalSection
	GlobalSection(SolutionProperties) = preSolution
		HideSolutionNode = FALSE
	EndGlobalSection
	GlobalSection(NestedProjects) = preSolution
		{91853F21-9CD9-4132-BC29-A7D5D84FFFE7} = {04DBDB01-70F4-4E06-B468-8F87850B22BE}
		{86842475-12C2-4ECC-8B39-4EA2EE1A78C4} = {CA9AC87F-097E-4F15-8393-4BC07735A5B0}
		{554AD327-6DBA-4F8F-96F8-81CE7A0C863F} = {86842475-12C2-4ECC-8B39-4EA2EE1A78C4}
		{325F0449-F7E0-4B84-AB51-2C0D572D1C42} = {CA9AC87F-097E-4F15-8393-4BC07735A5B0}
		{AA94D832-1CCC-4715-95A9-A483F23A1A5D} = {325F0449-F7E0-4B84-AB51-2C0D572D1C42}
		{E6D5BF0E-DE92-4D82-A352-EF04B37CB11C} = {325F0449-F7E0-4B84-AB51-2C0D572D1C42}
		{E5B7FE89-B5FC-4798-98FF-A54F11B2F366} = {CA9AC87F-097E-4F15-8393-4BC07735A5B0}
		{C0F424D5-7298-4DDB-B01C-86C0EAF236DB} = {CA9AC87F-097E-4F15-8393-4BC07735A5B0}
		{C956DD76-69C8-4A9C-83EA-D17DF83340FD} = {C0F424D5-7298-4DDB-B01C-86C0EAF236DB}
		{0372FA84-C517-4EB3-9A9F-B9ACAC0CA5E0} = {C0F424D5-7298-4DDB-B01C-86C0EAF236DB}
		{FF5BDE0C-7428-4284-954C-380E48EFDDC9} = {E5B7FE89-B5FC-4798-98FF-A54F11B2F366}
		{5C558101-37F1-4A5E-87C3-71704D80369D} = {E5B7FE89-B5FC-4798-98FF-A54F11B2F366}
		{24620683-BB09-4602-98CA-9A8A52BBCE4A} = {E5B7FE89-B5FC-4798-98FF-A54F11B2F366}
		{520659C8-C734-4298-A3DA-B539DB9DFC0B} = {24620683-BB09-4602-98CA-9A8A52BBCE4A}
		{1A94A50E-06DC-43C1-80B5-B662820EC3EB} = {24620683-BB09-4602-98CA-9A8A52BBCE4A}
		{E0F455EA-3005-4E29-ABA3-F2203539EEBC} = {E5B7FE89-B5FC-4798-98FF-A54F11B2F366}
		{4164BDF7-F527-4E85-9CE6-E3C2D7426A27} = {E0F455EA-3005-4E29-ABA3-F2203539EEBC}
		{9542DE9A-430E-4EF7-AA86-27E135662040} = {E5B7FE89-B5FC-4798-98FF-A54F11B2F366}
		{FA60CB5F-9C84-4C83-A1D4-EE0854DC07C5} = {CA9AC87F-097E-4F15-8393-4BC07735A5B0}
		{97FC3EFB-AD6C-47F9-912C-3FDF1E166E35} = {FA60CB5F-9C84-4C83-A1D4-EE0854DC07C5}
		{9320EC32-8CD6-4DD3-BBD3-C4E989678FB8} = {04DBDB01-70F4-4E06-B468-8F87850B22BE}
		{50B2631D-129C-47B3-A587-029CCD6099BC} = {9320EC32-8CD6-4DD3-BBD3-C4E989678FB8}
		{C3C43392-EBA8-40B8-99C6-DBD8C4827FBC} = {04DBDB01-70F4-4E06-B468-8F87850B22BE}
		{E512F4D9-9375-480F-A2F6-A46509F9D824} = {C3C43392-EBA8-40B8-99C6-DBD8C4827FBC}
		{B501E8A3-3814-467B-A1BE-3142EE078F96} = {04DBDB01-70F4-4E06-B468-8F87850B22BE}
		{1FE30EB9-74A9-47F5-A9F6-7B1FAB672D81} = {B501E8A3-3814-467B-A1BE-3142EE078F96}
		{C18E1064-FFF6-4E01-98F9-E7998E5DEC42} = {86842475-12C2-4ECC-8B39-4EA2EE1A78C4}
	EndGlobalSection
	GlobalSection(ExtensibilityGlobals) = postSolution
		SolutionGuid = {28315BFD-90E7-4E14-A2EA-F3D23AF4126F}
	EndGlobalSection
EndGlobal
